
Microsoft Visual Studio Solution File, Format Version 12.00
# Visual Studio 14
VisualStudioVersion = 14.0.25123.0
MinimumVisualStudioVersion = 10.0.40219.1
Project("{FAE04EC0-301F-11D3-BF4B-00C04F79EFBC}") = "Objects", "Objects\Objects.csproj", "{7E51234C-3F2A-4EC2-9C18-5236A5B3C110}"
EndProject
Project("{FAE04EC0-301F-11D3-BF4B-00C04F79EFBC}") = "2", "2\2.csproj", "{62BCC5A9-8479-49BA-8797-7B79EBBA7DA2}"
EndProject
Project("{FAE04EC0-301F-11D3-BF4B-00C04F79EFBC}") = "3", "3\3.csproj", "{82B17391-0531-4680-B49D-CB682DEEFBB2}"
EndProject
Project("{FAE04EC0-301F-11D3-BF4B-00C04F79EFBC}") = "4", "4\4.csproj", "{E36A420E-7B11-4F77-86EB-8281EF5E2353}"
EndProject
Project("{FAE04EC0-301F-11D3-BF4B-00C04F79EFBC}") = "5", "5\5.csproj", "{F2CB9B4D-5986-4B35-A7EF-8990A66AE149}"
EndProject
Project("{FAE04EC0-301F-11D3-BF4B-00C04F79EFBC}") = "6", "6\6.csproj", "{2A9B7726-2323-4A35-8C79-767802D01BF4}"
EndProject
Project("{FAE04EC0-301F-11D3-BF4B-00C04F79EFBC}") = "7", "7\7.csproj", "{813BDE19-BA3D-4B75-BBD0-AFC5C6FE04F4}"
EndProject
Project("{FAE04EC0-301F-11D3-BF4B-00C04F79EFBC}") = "8", "8\8.csproj", "{151171FE-3F1C-4796-8EB1-52CF69F2A50F}"
EndProject
Project("{FAE04EC0-301F-11D3-BF4B-00C04F79EFBC}") = "9", "9\9.csproj", "{D40CA9BC-3B89-47F4-A23F-B7B7B73954CB}"
EndProject
Project("{FAE04EC0-301F-11D3-BF4B-00C04F79EFBC}") = "10", "10\10.csproj", "{C1F8C79B-7400-4765-90A6-A0D3019CA13A}"
EndProject
Global
	GlobalSection(SolutionConfigurationPlatforms) = preSolution
		Debug|Any CPU = Debug|Any CPU
		Release|Any CPU = Release|Any CPU
	EndGlobalSection
	GlobalSection(ProjectConfigurationPlatforms) = postSolution
		{7E51234C-3F2A-4EC2-9C18-5236A5B3C110}.Debug|Any CPU.ActiveCfg = Debug|Any CPU
		{7E51234C-3F2A-4EC2-9C18-5236A5B3C110}.Debug|Any CPU.Build.0 = Debug|Any CPU
		{7E51234C-3F2A-4EC2-9C18-5236A5B3C110}.Release|Any CPU.ActiveCfg = Release|Any CPU
		{7E51234C-3F2A-4EC2-9C18-5236A5B3C110}.Release|Any CPU.Build.0 = Release|Any CPU
		{62BCC5A9-8479-49BA-8797-7B79EBBA7DA2}.Debug|Any CPU.ActiveCfg = Debug|Any CPU
		{62BCC5A9-8479-49BA-8797-7B79EBBA7DA2}.Debug|Any CPU.Build.0 = Debug|Any CPU
		{62BCC5A9-8479-49BA-8797-7B79EBBA7DA2}.Release|Any CPU.ActiveCfg = Release|Any CPU
		{62BCC5A9-8479-49BA-8797-7B79EBBA7DA2}.Release|Any CPU.Build.0 = Release|Any CPU
		{82B17391-0531-4680-B49D-CB682DEEFBB2}.Debug|Any CPU.ActiveCfg = Debug|Any CPU
		{82B17391-0531-4680-B49D-CB682DEEFBB2}.Debug|Any CPU.Build.0 = Debug|Any CPU
		{82B17391-0531-4680-B49D-CB682DEEFBB2}.Release|Any CPU.ActiveCfg = Release|Any CPU
		{82B17391-0531-4680-B49D-CB682DEEFBB2}.Release|Any CPU.Build.0 = Release|Any CPU
		{E36A420E-7B11-4F77-86EB-8281EF5E2353}.Debug|Any CPU.ActiveCfg = Debug|Any CPU
		{E36A420E-7B11-4F77-86EB-8281EF5E2353}.Debug|Any CPU.Build.0 = Debug|Any CPU
		{E36A420E-7B11-4F77-86EB-8281EF5E2353}.Release|Any CPU.ActiveCfg = Release|Any CPU
		{E36A420E-7B11-4F77-86EB-8281EF5E2353}.Release|Any CPU.Build.0 = Release|Any CPU
		{F2CB9B4D-5986-4B35-A7EF-8990A66AE149}.Debug|Any CPU.ActiveCfg = Debug|Any CPU
		{F2CB9B4D-5986-4B35-A7EF-8990A66AE149}.Debug|Any CPU.Build.0 = Debug|Any CPU
		{F2CB9B4D-5986-4B35-A7EF-8990A66AE149}.Release|Any CPU.ActiveCfg = Release|Any CPU
		{F2CB9B4D-5986-4B35-A7EF-8990A66AE149}.Release|Any CPU.Build.0 = Release|Any CPU
		{2A9B7726-2323-4A35-8C79-767802D01BF4}.Debug|Any CPU.ActiveCfg = Debug|Any CPU
		{2A9B7726-2323-4A35-8C79-767802D01BF4}.Debug|Any CPU.Build.0 = Debug|Any CPU
		{2A9B7726-2323-4A35-8C79-767802D01BF4}.Release|Any CPU.ActiveCfg = Release|Any CPU
		{2A9B7726-2323-4A35-8C79-767802D01BF4}.Release|Any CPU.Build.0 = Release|Any CPU
		{813BDE19-BA3D-4B75-BBD0-AFC5C6FE04F4}.Debug|Any CPU.ActiveCfg = Debug|Any CPU
		{813BDE19-BA3D-4B75-BBD0-AFC5C6FE04F4}.Debug|Any CPU.Build.0 = Debug|Any CPU
		{813BDE19-BA3D-4B75-BBD0-AFC5C6FE04F4}.Release|Any CPU.ActiveCfg = Release|Any CPU
		{813BDE19-BA3D-4B75-BBD0-AFC5C6FE04F4}.Release|Any CPU.Build.0 = Release|Any CPU
		{151171FE-3F1C-4796-8EB1-52CF69F2A50F}.Debug|Any CPU.ActiveCfg = Debug|Any CPU
		{151171FE-3F1C-4796-8EB1-52CF69F2A50F}.Debug|Any CPU.Build.0 = Debug|Any CPU
		{151171FE-3F1C-4796-8EB1-52CF69F2A50F}.Release|Any CPU.ActiveCfg = Release|Any CPU
		{151171FE-3F1C-4796-8EB1-52CF69F2A50F}.Release|Any CPU.Build.0 = Release|Any CPU
		{D40CA9BC-3B89-47F4-A23F-B7B7B73954CB}.Debug|Any CPU.ActiveCfg = Debug|Any CPU
		{D40CA9BC-3B89-47F4-A23F-B7B7B73954CB}.Debug|Any CPU.Build.0 = Debug|Any CPU
		{D40CA9BC-3B89-47F4-A23F-B7B7B73954CB}.Release|Any CPU.ActiveCfg = Release|Any CPU
		{D40CA9BC-3B89-47F4-A23F-B7B7B73954CB}.Release|Any CPU.Build.0 = Release|Any CPU
		{C1F8C79B-7400-4765-90A6-A0D3019CA13A}.Debug|Any CPU.ActiveCfg = Debug|Any CPU
		{C1F8C79B-7400-4765-90A6-A0D3019CA13A}.Debug|Any CPU.Build.0 = Debug|Any CPU
		{C1F8C79B-7400-4765-90A6-A0D3019CA13A}.Release|Any CPU.ActiveCfg = Release|Any CPU
		{C1F8C79B-7400-4765-90A6-A0D3019CA13A}.Release|Any CPU.Build.0 = Release|Any CPU
	EndGlobalSection
	GlobalSection(SolutionProperties) = preSolution
		HideSolutionNode = FALSE
	EndGlobalSection
EndGlobal
