
Microsoft Visual Studio Solution File, Format Version 12.00
# Visual Studio 14
VisualStudioVersion = 14.0.25123.0
MinimumVisualStudioVersion = 10.0.40219.1
Project("{FAE04EC0-301F-11D3-BF4B-00C04F79EFBC}") = "2", "String\2.csproj", "{239A9098-DDBC-4B15-AED9-953810C60B3B}"
EndProject
Project("{FAE04EC0-301F-11D3-BF4B-00C04F79EFBC}") = "3", "2\3.csproj", "{B9868426-1BC8-47A6-934E-83B39D3E5F6E}"
EndProject
Project("{FAE04EC0-301F-11D3-BF4B-00C04F79EFBC}") = "5", "3\5.csproj", "{964139B1-0742-4FA0-BB94-2A156EA1D463}"
EndProject
Project("{FAE04EC0-301F-11D3-BF4B-00C04F79EFBC}") = "4", "4\4.csproj", "{A2A4B5A8-E89A-4A23-816D-84B40204A315}"
EndProject
Project("{FAE04EC0-301F-11D3-BF4B-00C04F79EFBC}") = "6", "6\6.csproj", "{288C4238-8547-4F41-A866-FA820E71085B}"
EndProject
Project("{FAE04EC0-301F-11D3-BF4B-00C04F79EFBC}") = "7", "7\7.csproj", "{9EEB79CC-1C90-402D-9BD4-6675F381965F}"
EndProject
Project("{FAE04EC0-301F-11D3-BF4B-00C04F79EFBC}") = "8", "8\8.csproj", "{8F63D75B-B9DC-4E92-9C51-F00908A67B4F}"
EndProject
Project("{FAE04EC0-301F-11D3-BF4B-00C04F79EFBC}") = "9", "9\9.csproj", "{94379DBB-3AA4-4C0D-9993-A2E494CFC2B2}"
EndProject
Project("{FAE04EC0-301F-11D3-BF4B-00C04F79EFBC}") = "10", "10\10.csproj", "{910C3C04-C3DD-4480-97AA-3427826AA09B}"
EndProject
Project("{FAE04EC0-301F-11D3-BF4B-00C04F79EFBC}") = "11", "11\11.csproj", "{9EDA5F71-99FA-4CC7-BA3A-5DDF3BFBD5C5}"
EndProject
Project("{FAE04EC0-301F-11D3-BF4B-00C04F79EFBC}") = "12", "12\12.csproj", "{103CDD32-3BCB-40EF-ACDA-5519A25D179F}"
EndProject
Project("{FAE04EC0-301F-11D3-BF4B-00C04F79EFBC}") = "13", "13\13.csproj", "{5A46BD1B-1546-47CD-BA27-51F9D7A15439}"
EndProject
Project("{FAE04EC0-301F-11D3-BF4B-00C04F79EFBC}") = "15", "14\15.csproj", "{E11C120D-AEA0-4AE8-AB47-BD2F8C12E88A}"
EndProject
Project("{FAE04EC0-301F-11D3-BF4B-00C04F79EFBC}") = "14", "25\14.csproj", "{D00243C6-2CFC-4CB6-A627-79ED4AEFB01F}"
EndProject
Project("{FAE04EC0-301F-11D3-BF4B-00C04F79EFBC}") = "17", "17\17.csproj", "{48C714A3-05F3-487C-91B7-8D6AA28D0601}"
EndProject
Project("{FAE04EC0-301F-11D3-BF4B-00C04F79EFBC}") = "18", "18\18.csproj", "{F2FA25F9-F040-490A-A53D-89E43FB03E6F}"
EndProject
Global
	GlobalSection(SolutionConfigurationPlatforms) = preSolution
		Debug|Any CPU = Debug|Any CPU
		Release|Any CPU = Release|Any CPU
	EndGlobalSection
	GlobalSection(ProjectConfigurationPlatforms) = postSolution
		{239A9098-DDBC-4B15-AED9-953810C60B3B}.Debug|Any CPU.ActiveCfg = Debug|Any CPU
		{239A9098-DDBC-4B15-AED9-953810C60B3B}.Debug|Any CPU.Build.0 = Debug|Any CPU
		{239A9098-DDBC-4B15-AED9-953810C60B3B}.Release|Any CPU.ActiveCfg = Release|Any CPU
		{239A9098-DDBC-4B15-AED9-953810C60B3B}.Release|Any CPU.Build.0 = Release|Any CPU
		{B9868426-1BC8-47A6-934E-83B39D3E5F6E}.Debug|Any CPU.ActiveCfg = Debug|Any CPU
		{B9868426-1BC8-47A6-934E-83B39D3E5F6E}.Debug|Any CPU.Build.0 = Debug|Any CPU
		{B9868426-1BC8-47A6-934E-83B39D3E5F6E}.Release|Any CPU.ActiveCfg = Release|Any CPU
		{B9868426-1BC8-47A6-934E-83B39D3E5F6E}.Release|Any CPU.Build.0 = Release|Any CPU
		{964139B1-0742-4FA0-BB94-2A156EA1D463}.Debug|Any CPU.ActiveCfg = Debug|Any CPU
		{964139B1-0742-4FA0-BB94-2A156EA1D463}.Debug|Any CPU.Build.0 = Debug|Any CPU
		{964139B1-0742-4FA0-BB94-2A156EA1D463}.Release|Any CPU.ActiveCfg = Release|Any CPU
		{964139B1-0742-4FA0-BB94-2A156EA1D463}.Release|Any CPU.Build.0 = Release|Any CPU
		{A2A4B5A8-E89A-4A23-816D-84B40204A315}.Debug|Any CPU.ActiveCfg = Debug|Any CPU
		{A2A4B5A8-E89A-4A23-816D-84B40204A315}.Debug|Any CPU.Build.0 = Debug|Any CPU
		{A2A4B5A8-E89A-4A23-816D-84B40204A315}.Release|Any CPU.ActiveCfg = Release|Any CPU
		{A2A4B5A8-E89A-4A23-816D-84B40204A315}.Release|Any CPU.Build.0 = Release|Any CPU
		{288C4238-8547-4F41-A866-FA820E71085B}.Debug|Any CPU.ActiveCfg = Debug|Any CPU
		{288C4238-8547-4F41-A866-FA820E71085B}.Debug|Any CPU.Build.0 = Debug|Any CPU
		{288C4238-8547-4F41-A866-FA820E71085B}.Release|Any CPU.ActiveCfg = Release|Any CPU
		{288C4238-8547-4F41-A866-FA820E71085B}.Release|Any CPU.Build.0 = Release|Any CPU
		{9EEB79CC-1C90-402D-9BD4-6675F381965F}.Debug|Any CPU.ActiveCfg = Debug|Any CPU
		{9EEB79CC-1C90-402D-9BD4-6675F381965F}.Debug|Any CPU.Build.0 = Debug|Any CPU
		{9EEB79CC-1C90-402D-9BD4-6675F381965F}.Release|Any CPU.ActiveCfg = Release|Any CPU
		{9EEB79CC-1C90-402D-9BD4-6675F381965F}.Release|Any CPU.Build.0 = Release|Any CPU
		{8F63D75B-B9DC-4E92-9C51-F00908A67B4F}.Debug|Any CPU.ActiveCfg = Debug|Any CPU
		{8F63D75B-B9DC-4E92-9C51-F00908A67B4F}.Debug|Any CPU.Build.0 = Debug|Any CPU
		{8F63D75B-B9DC-4E92-9C51-F00908A67B4F}.Release|Any CPU.ActiveCfg = Release|Any CPU
		{8F63D75B-B9DC-4E92-9C51-F00908A67B4F}.Release|Any CPU.Build.0 = Release|Any CPU
		{94379DBB-3AA4-4C0D-9993-A2E494CFC2B2}.Debug|Any CPU.ActiveCfg = Debug|Any CPU
		{94379DBB-3AA4-4C0D-9993-A2E494CFC2B2}.Debug|Any CPU.Build.0 = Debug|Any CPU
		{94379DBB-3AA4-4C0D-9993-A2E494CFC2B2}.Release|Any CPU.ActiveCfg = Release|Any CPU
		{94379DBB-3AA4-4C0D-9993-A2E494CFC2B2}.Release|Any CPU.Build.0 = Release|Any CPU
		{910C3C04-C3DD-4480-97AA-3427826AA09B}.Debug|Any CPU.ActiveCfg = Debug|Any CPU
		{910C3C04-C3DD-4480-97AA-3427826AA09B}.Debug|Any CPU.Build.0 = Debug|Any CPU
		{910C3C04-C3DD-4480-97AA-3427826AA09B}.Release|Any CPU.ActiveCfg = Release|Any CPU
		{910C3C04-C3DD-4480-97AA-3427826AA09B}.Release|Any CPU.Build.0 = Release|Any CPU
		{9EDA5F71-99FA-4CC7-BA3A-5DDF3BFBD5C5}.Debug|Any CPU.ActiveCfg = Debug|Any CPU
		{9EDA5F71-99FA-4CC7-BA3A-5DDF3BFBD5C5}.Debug|Any CPU.Build.0 = Debug|Any CPU
		{9EDA5F71-99FA-4CC7-BA3A-5DDF3BFBD5C5}.Release|Any CPU.ActiveCfg = Release|Any CPU
		{9EDA5F71-99FA-4CC7-BA3A-5DDF3BFBD5C5}.Release|Any CPU.Build.0 = Release|Any CPU
		{103CDD32-3BCB-40EF-ACDA-5519A25D179F}.Debug|Any CPU.ActiveCfg = Debug|Any CPU
		{103CDD32-3BCB-40EF-ACDA-5519A25D179F}.Debug|Any CPU.Build.0 = Debug|Any CPU
		{103CDD32-3BCB-40EF-ACDA-5519A25D179F}.Release|Any CPU.ActiveCfg = Release|Any CPU
		{103CDD32-3BCB-40EF-ACDA-5519A25D179F}.Release|Any CPU.Build.0 = Release|Any CPU
		{5A46BD1B-1546-47CD-BA27-51F9D7A15439}.Debug|Any CPU.ActiveCfg = Debug|Any CPU
		{5A46BD1B-1546-47CD-BA27-51F9D7A15439}.Debug|Any CPU.Build.0 = Debug|Any CPU
		{5A46BD1B-1546-47CD-BA27-51F9D7A15439}.Release|Any CPU.ActiveCfg = Release|Any CPU
		{5A46BD1B-1546-47CD-BA27-51F9D7A15439}.Release|Any CPU.Build.0 = Release|Any CPU
		{E11C120D-AEA0-4AE8-AB47-BD2F8C12E88A}.Debug|Any CPU.ActiveCfg = Debug|Any CPU
		{E11C120D-AEA0-4AE8-AB47-BD2F8C12E88A}.Debug|Any CPU.Build.0 = Debug|Any CPU
		{E11C120D-AEA0-4AE8-AB47-BD2F8C12E88A}.Release|Any CPU.ActiveCfg = Release|Any CPU
		{E11C120D-AEA0-4AE8-AB47-BD2F8C12E88A}.Release|Any CPU.Build.0 = Release|Any CPU
		{D00243C6-2CFC-4CB6-A627-79ED4AEFB01F}.Debug|Any CPU.ActiveCfg = Debug|Any CPU
		{D00243C6-2CFC-4CB6-A627-79ED4AEFB01F}.Debug|Any CPU.Build.0 = Debug|Any CPU
		{D00243C6-2CFC-4CB6-A627-79ED4AEFB01F}.Release|Any CPU.ActiveCfg = Release|Any CPU
		{D00243C6-2CFC-4CB6-A627-79ED4AEFB01F}.Release|Any CPU.Build.0 = Release|Any CPU
		{48C714A3-05F3-487C-91B7-8D6AA28D0601}.Debug|Any CPU.ActiveCfg = Debug|Any CPU
		{48C714A3-05F3-487C-91B7-8D6AA28D0601}.Debug|Any CPU.Build.0 = Debug|Any CPU
		{48C714A3-05F3-487C-91B7-8D6AA28D0601}.Release|Any CPU.ActiveCfg = Release|Any CPU
		{48C714A3-05F3-487C-91B7-8D6AA28D0601}.Release|Any CPU.Build.0 = Release|Any CPU
		{F2FA25F9-F040-490A-A53D-89E43FB03E6F}.Debug|Any CPU.ActiveCfg = Debug|Any CPU
		{F2FA25F9-F040-490A-A53D-89E43FB03E6F}.Debug|Any CPU.Build.0 = Debug|Any CPU
		{F2FA25F9-F040-490A-A53D-89E43FB03E6F}.Release|Any CPU.ActiveCfg = Release|Any CPU
		{F2FA25F9-F040-490A-A53D-89E43FB03E6F}.Release|Any CPU.Build.0 = Release|Any CPU
	EndGlobalSection
	GlobalSection(SolutionProperties) = preSolution
		HideSolutionNode = FALSE
	EndGlobalSection
EndGlobal
