
Microsoft Visual Studio Solution File, Format Version 12.00
# Visual Studio 14
VisualStudioVersion = 14.0.25123.0
MinimumVisualStudioVersion = 10.0.40219.1
Project("{FAE04EC0-301F-11D3-BF4B-00C04F79EFBC}") = "Lists", "Lists\Lists.csproj", "{DF9CF1D9-83BF-4662-A1A5-393E5DC53F46}"
EndProject
Project("{FAE04EC0-301F-11D3-BF4B-00C04F79EFBC}") = "2", "2\2.csproj", "{38D44EA5-A2CD-45CA-9196-5E83AC97636A}"
EndProject
Project("{FAE04EC0-301F-11D3-BF4B-00C04F79EFBC}") = "3", "3\3.csproj", "{0C94F60C-4A7D-4A04-B134-4A8CA5B4DB70}"
EndProject
Project("{FAE04EC0-301F-11D3-BF4B-00C04F79EFBC}") = "4", "4\4.csproj", "{967D766F-A8EB-4D22-BEDA-4380772C0DB3}"
EndProject
Project("{FAE04EC0-301F-11D3-BF4B-00C04F79EFBC}") = "5", "5\5.csproj", "{7E54763E-10FF-4FD8-8B24-FE2C21CCFF5E}"
EndProject
Project("{FAE04EC0-301F-11D3-BF4B-00C04F79EFBC}") = "6", "6\6.csproj", "{DA6B2D27-B1AB-4276-A71B-4A805BA76E86}"
EndProject
Project("{FAE04EC0-301F-11D3-BF4B-00C04F79EFBC}") = "7", "7\7.csproj", "{9035A641-5887-47B3-8302-AD12ABE4319F}"
EndProject
Project("{FAE04EC0-301F-11D3-BF4B-00C04F79EFBC}") = "8", "8\8.csproj", "{583D0500-BF22-4D2A-AA53-ECA1201715D1}"
EndProject
Project("{FAE04EC0-301F-11D3-BF4B-00C04F79EFBC}") = "9", "9\9.csproj", "{A2D4F03A-19CE-4948-86A7-1E76A39A2A9B}"
EndProject
Project("{FAE04EC0-301F-11D3-BF4B-00C04F79EFBC}") = "10", "10\10.csproj", "{147042DA-E837-4DA2-8958-0BEAC9D9E831}"
EndProject
Project("{FAE04EC0-301F-11D3-BF4B-00C04F79EFBC}") = "11", "11\11.csproj", "{EFF8BD23-C451-4EC6-962D-88DD2A29648D}"
EndProject
Project("{FAE04EC0-301F-11D3-BF4B-00C04F79EFBC}") = "12", "12\12.csproj", "{F1BB0061-4D8E-4B22-858A-410AFF4BF4F0}"
EndProject
Project("{FAE04EC0-301F-11D3-BF4B-00C04F79EFBC}") = "14", "14\14.csproj", "{B73D3EFD-7A67-499C-B4AB-463D0C152FB0}"
EndProject
Project("{FAE04EC0-301F-11D3-BF4B-00C04F79EFBC}") = "13", "13\13.csproj", "{89BE8E95-9431-4C0D-9350-2F3275A092A9}"
EndProject
Project("{FAE04EC0-301F-11D3-BF4B-00C04F79EFBC}") = "15", "15\15.csproj", "{C96BCEB9-6611-42CF-B9E7-721CCC144F01}"
EndProject
Project("{FAE04EC0-301F-11D3-BF4B-00C04F79EFBC}") = "16", "16\16.csproj", "{78239343-6114-48A0-8240-C4F5B11D1D72}"
EndProject
Project("{FAE04EC0-301F-11D3-BF4B-00C04F79EFBC}") = "17", "17\17.csproj", "{11C0E267-A254-4285-8AD9-7D711DFFE510}"
EndProject
Project("{FAE04EC0-301F-11D3-BF4B-00C04F79EFBC}") = "18", "18\18.csproj", "{11A80960-B9CA-4281-8E42-696A53629F99}"
EndProject
Project("{FAE04EC0-301F-11D3-BF4B-00C04F79EFBC}") = "19", "19\19.csproj", "{0A6912A2-48D5-4E88-AB55-2449F12F9190}"
EndProject
Project("{FAE04EC0-301F-11D3-BF4B-00C04F79EFBC}") = "20", "20\20.csproj", "{0E776C8A-6329-4F01-8F0D-F30FADE72051}"
EndProject
Project("{FAE04EC0-301F-11D3-BF4B-00C04F79EFBC}") = "21", "21\21.csproj", "{4F6227A9-4AFA-46AA-AE30-EE5A4EAEDAC5}"
EndProject
Project("{FAE04EC0-301F-11D3-BF4B-00C04F79EFBC}") = "22", "22\22.csproj", "{84E219A5-8A13-4256-A47B-947EB598C06D}"
EndProject
Global
	GlobalSection(SolutionConfigurationPlatforms) = preSolution
		Debug|Any CPU = Debug|Any CPU
		Release|Any CPU = Release|Any CPU
	EndGlobalSection
	GlobalSection(ProjectConfigurationPlatforms) = postSolution
		{DF9CF1D9-83BF-4662-A1A5-393E5DC53F46}.Debug|Any CPU.ActiveCfg = Debug|Any CPU
		{DF9CF1D9-83BF-4662-A1A5-393E5DC53F46}.Debug|Any CPU.Build.0 = Debug|Any CPU
		{DF9CF1D9-83BF-4662-A1A5-393E5DC53F46}.Release|Any CPU.ActiveCfg = Release|Any CPU
		{DF9CF1D9-83BF-4662-A1A5-393E5DC53F46}.Release|Any CPU.Build.0 = Release|Any CPU
		{38D44EA5-A2CD-45CA-9196-5E83AC97636A}.Debug|Any CPU.ActiveCfg = Debug|Any CPU
		{38D44EA5-A2CD-45CA-9196-5E83AC97636A}.Debug|Any CPU.Build.0 = Debug|Any CPU
		{38D44EA5-A2CD-45CA-9196-5E83AC97636A}.Release|Any CPU.ActiveCfg = Release|Any CPU
		{38D44EA5-A2CD-45CA-9196-5E83AC97636A}.Release|Any CPU.Build.0 = Release|Any CPU
		{0C94F60C-4A7D-4A04-B134-4A8CA5B4DB70}.Debug|Any CPU.ActiveCfg = Debug|Any CPU
		{0C94F60C-4A7D-4A04-B134-4A8CA5B4DB70}.Debug|Any CPU.Build.0 = Debug|Any CPU
		{0C94F60C-4A7D-4A04-B134-4A8CA5B4DB70}.Release|Any CPU.ActiveCfg = Release|Any CPU
		{0C94F60C-4A7D-4A04-B134-4A8CA5B4DB70}.Release|Any CPU.Build.0 = Release|Any CPU
		{967D766F-A8EB-4D22-BEDA-4380772C0DB3}.Debug|Any CPU.ActiveCfg = Debug|Any CPU
		{967D766F-A8EB-4D22-BEDA-4380772C0DB3}.Debug|Any CPU.Build.0 = Debug|Any CPU
		{967D766F-A8EB-4D22-BEDA-4380772C0DB3}.Release|Any CPU.ActiveCfg = Release|Any CPU
		{967D766F-A8EB-4D22-BEDA-4380772C0DB3}.Release|Any CPU.Build.0 = Release|Any CPU
		{7E54763E-10FF-4FD8-8B24-FE2C21CCFF5E}.Debug|Any CPU.ActiveCfg = Debug|Any CPU
		{7E54763E-10FF-4FD8-8B24-FE2C21CCFF5E}.Debug|Any CPU.Build.0 = Debug|Any CPU
		{7E54763E-10FF-4FD8-8B24-FE2C21CCFF5E}.Release|Any CPU.ActiveCfg = Release|Any CPU
		{7E54763E-10FF-4FD8-8B24-FE2C21CCFF5E}.Release|Any CPU.Build.0 = Release|Any CPU
		{DA6B2D27-B1AB-4276-A71B-4A805BA76E86}.Debug|Any CPU.ActiveCfg = Debug|Any CPU
		{DA6B2D27-B1AB-4276-A71B-4A805BA76E86}.Debug|Any CPU.Build.0 = Debug|Any CPU
		{DA6B2D27-B1AB-4276-A71B-4A805BA76E86}.Release|Any CPU.ActiveCfg = Release|Any CPU
		{DA6B2D27-B1AB-4276-A71B-4A805BA76E86}.Release|Any CPU.Build.0 = Release|Any CPU
		{9035A641-5887-47B3-8302-AD12ABE4319F}.Debug|Any CPU.ActiveCfg = Debug|Any CPU
		{9035A641-5887-47B3-8302-AD12ABE4319F}.Debug|Any CPU.Build.0 = Debug|Any CPU
		{9035A641-5887-47B3-8302-AD12ABE4319F}.Release|Any CPU.ActiveCfg = Release|Any CPU
		{9035A641-5887-47B3-8302-AD12ABE4319F}.Release|Any CPU.Build.0 = Release|Any CPU
		{583D0500-BF22-4D2A-AA53-ECA1201715D1}.Debug|Any CPU.ActiveCfg = Debug|Any CPU
		{583D0500-BF22-4D2A-AA53-ECA1201715D1}.Debug|Any CPU.Build.0 = Debug|Any CPU
		{583D0500-BF22-4D2A-AA53-ECA1201715D1}.Release|Any CPU.ActiveCfg = Release|Any CPU
		{583D0500-BF22-4D2A-AA53-ECA1201715D1}.Release|Any CPU.Build.0 = Release|Any CPU
		{A2D4F03A-19CE-4948-86A7-1E76A39A2A9B}.Debug|Any CPU.ActiveCfg = Debug|Any CPU
		{A2D4F03A-19CE-4948-86A7-1E76A39A2A9B}.Debug|Any CPU.Build.0 = Debug|Any CPU
		{A2D4F03A-19CE-4948-86A7-1E76A39A2A9B}.Release|Any CPU.ActiveCfg = Release|Any CPU
		{A2D4F03A-19CE-4948-86A7-1E76A39A2A9B}.Release|Any CPU.Build.0 = Release|Any CPU
		{147042DA-E837-4DA2-8958-0BEAC9D9E831}.Debug|Any CPU.ActiveCfg = Debug|Any CPU
		{147042DA-E837-4DA2-8958-0BEAC9D9E831}.Debug|Any CPU.Build.0 = Debug|Any CPU
		{147042DA-E837-4DA2-8958-0BEAC9D9E831}.Release|Any CPU.ActiveCfg = Release|Any CPU
		{147042DA-E837-4DA2-8958-0BEAC9D9E831}.Release|Any CPU.Build.0 = Release|Any CPU
		{EFF8BD23-C451-4EC6-962D-88DD2A29648D}.Debug|Any CPU.ActiveCfg = Debug|Any CPU
		{EFF8BD23-C451-4EC6-962D-88DD2A29648D}.Debug|Any CPU.Build.0 = Debug|Any CPU
		{EFF8BD23-C451-4EC6-962D-88DD2A29648D}.Release|Any CPU.ActiveCfg = Release|Any CPU
		{EFF8BD23-C451-4EC6-962D-88DD2A29648D}.Release|Any CPU.Build.0 = Release|Any CPU
		{F1BB0061-4D8E-4B22-858A-410AFF4BF4F0}.Debug|Any CPU.ActiveCfg = Debug|Any CPU
		{F1BB0061-4D8E-4B22-858A-410AFF4BF4F0}.Debug|Any CPU.Build.0 = Debug|Any CPU
		{F1BB0061-4D8E-4B22-858A-410AFF4BF4F0}.Release|Any CPU.ActiveCfg = Release|Any CPU
		{F1BB0061-4D8E-4B22-858A-410AFF4BF4F0}.Release|Any CPU.Build.0 = Release|Any CPU
		{B73D3EFD-7A67-499C-B4AB-463D0C152FB0}.Debug|Any CPU.ActiveCfg = Debug|Any CPU
		{B73D3EFD-7A67-499C-B4AB-463D0C152FB0}.Debug|Any CPU.Build.0 = Debug|Any CPU
		{B73D3EFD-7A67-499C-B4AB-463D0C152FB0}.Release|Any CPU.ActiveCfg = Release|Any CPU
		{B73D3EFD-7A67-499C-B4AB-463D0C152FB0}.Release|Any CPU.Build.0 = Release|Any CPU
		{89BE8E95-9431-4C0D-9350-2F3275A092A9}.Debug|Any CPU.ActiveCfg = Debug|Any CPU
		{89BE8E95-9431-4C0D-9350-2F3275A092A9}.Debug|Any CPU.Build.0 = Debug|Any CPU
		{89BE8E95-9431-4C0D-9350-2F3275A092A9}.Release|Any CPU.ActiveCfg = Release|Any CPU
		{89BE8E95-9431-4C0D-9350-2F3275A092A9}.Release|Any CPU.Build.0 = Release|Any CPU
		{C96BCEB9-6611-42CF-B9E7-721CCC144F01}.Debug|Any CPU.ActiveCfg = Debug|Any CPU
		{C96BCEB9-6611-42CF-B9E7-721CCC144F01}.Debug|Any CPU.Build.0 = Debug|Any CPU
		{C96BCEB9-6611-42CF-B9E7-721CCC144F01}.Release|Any CPU.ActiveCfg = Release|Any CPU
		{C96BCEB9-6611-42CF-B9E7-721CCC144F01}.Release|Any CPU.Build.0 = Release|Any CPU
		{78239343-6114-48A0-8240-C4F5B11D1D72}.Debug|Any CPU.ActiveCfg = Debug|Any CPU
		{78239343-6114-48A0-8240-C4F5B11D1D72}.Debug|Any CPU.Build.0 = Debug|Any CPU
		{78239343-6114-48A0-8240-C4F5B11D1D72}.Release|Any CPU.ActiveCfg = Release|Any CPU
		{78239343-6114-48A0-8240-C4F5B11D1D72}.Release|Any CPU.Build.0 = Release|Any CPU
		{11C0E267-A254-4285-8AD9-7D711DFFE510}.Debug|Any CPU.ActiveCfg = Debug|Any CPU
		{11C0E267-A254-4285-8AD9-7D711DFFE510}.Debug|Any CPU.Build.0 = Debug|Any CPU
		{11C0E267-A254-4285-8AD9-7D711DFFE510}.Release|Any CPU.ActiveCfg = Release|Any CPU
		{11C0E267-A254-4285-8AD9-7D711DFFE510}.Release|Any CPU.Build.0 = Release|Any CPU
		{11A80960-B9CA-4281-8E42-696A53629F99}.Debug|Any CPU.ActiveCfg = Debug|Any CPU
		{11A80960-B9CA-4281-8E42-696A53629F99}.Debug|Any CPU.Build.0 = Debug|Any CPU
		{11A80960-B9CA-4281-8E42-696A53629F99}.Release|Any CPU.ActiveCfg = Release|Any CPU
		{11A80960-B9CA-4281-8E42-696A53629F99}.Release|Any CPU.Build.0 = Release|Any CPU
		{0A6912A2-48D5-4E88-AB55-2449F12F9190}.Debug|Any CPU.ActiveCfg = Debug|Any CPU
		{0A6912A2-48D5-4E88-AB55-2449F12F9190}.Debug|Any CPU.Build.0 = Debug|Any CPU
		{0A6912A2-48D5-4E88-AB55-2449F12F9190}.Release|Any CPU.ActiveCfg = Release|Any CPU
		{0A6912A2-48D5-4E88-AB55-2449F12F9190}.Release|Any CPU.Build.0 = Release|Any CPU
		{0E776C8A-6329-4F01-8F0D-F30FADE72051}.Debug|Any CPU.ActiveCfg = Debug|Any CPU
		{0E776C8A-6329-4F01-8F0D-F30FADE72051}.Debug|Any CPU.Build.0 = Debug|Any CPU
		{0E776C8A-6329-4F01-8F0D-F30FADE72051}.Release|Any CPU.ActiveCfg = Release|Any CPU
		{0E776C8A-6329-4F01-8F0D-F30FADE72051}.Release|Any CPU.Build.0 = Release|Any CPU
		{4F6227A9-4AFA-46AA-AE30-EE5A4EAEDAC5}.Debug|Any CPU.ActiveCfg = Debug|Any CPU
		{4F6227A9-4AFA-46AA-AE30-EE5A4EAEDAC5}.Debug|Any CPU.Build.0 = Debug|Any CPU
		{4F6227A9-4AFA-46AA-AE30-EE5A4EAEDAC5}.Release|Any CPU.ActiveCfg = Release|Any CPU
		{4F6227A9-4AFA-46AA-AE30-EE5A4EAEDAC5}.Release|Any CPU.Build.0 = Release|Any CPU
		{84E219A5-8A13-4256-A47B-947EB598C06D}.Debug|Any CPU.ActiveCfg = Debug|Any CPU
		{84E219A5-8A13-4256-A47B-947EB598C06D}.Debug|Any CPU.Build.0 = Debug|Any CPU
		{84E219A5-8A13-4256-A47B-947EB598C06D}.Release|Any CPU.ActiveCfg = Release|Any CPU
		{84E219A5-8A13-4256-A47B-947EB598C06D}.Release|Any CPU.Build.0 = Release|Any CPU
	EndGlobalSection
	GlobalSection(SolutionProperties) = preSolution
		HideSolutionNode = FALSE
	EndGlobalSection
EndGlobal
